github.com/dlclark/regexp2 v1.11.5 h1:Q/sSnsKerHeCkc/jSTNq1oCm7KiVgUMZRDUoRu0JQZQ=
github.com/dlclark/regexp2 v1.11.5/go.mod h1:DHkYz0B9wPfa6wondMfaivmHpzrQ3v9q8cnmRbL6yW8=
github.com/pucora/flatmap v1.0.1 h1:SdX1G8ZiCGj6Gk3UGs6VoAQF9VjwhCqcDbuCoJO/ij8=
github.com/pucora/flatmap v1.0.1/go.mod h1:WD5c42qlY3Ap6V7CXg+F2+Z1xmXDqxNKCHBrzuT64Ls=
github.com/pucora/lura/v2 v2.0.9 h1:pPBU0rO71JeIp6k4xGwQweKHvd46+0BZRwb1Z7DZBE0=
github.com/pucora/lura/v2 v2.0.9/go.mod h1:7LJn5CTxnfAFbvsWyk6XqORnXXZ9uI3yn79Anz5qE4g=
github.com/santhosh-tekuri/jsonschema/v6 v6.0.2 h1:KRzFb2m7YtdldCEkzs6KqmJw4nqEVZGK7IN2kJkjTuQ=
github.com/santhosh-tekuri/jsonschema/v6 v6.0.2/go.mod h1:JXeL+ps8p7/KNMjDQk3TCwPpBy0wYklyWTfbkIzdIFU=
github.com/valyala/fastrand v1.1.0 h1:f+5HkLW4rsgzdNoleUOB69hyT9IlD2ZQh9GyDMfb5G8=
github.com/valyala/fastrand v1.1.0/go.mod h1:HWqCzkrkg6QXT8V2EXWvXCoow7vLwOFN002oeRzjapQ=
golang.org/x/text v0.37.0 h1:Cqjiwd9eSg8e0QAkyCaQTNHFIIzWtidPahFWR83rTrc=
golang.org/x/text v0.37.0/go.mod h1:a5sjxXGs9hsn/AJVwuElvCAo9v8QYLzvavO5z2PiM38=
